// !$*UTF8*$!
{
	archiveVersion = 1;
	classes = {
	};
	objectVersion = 46;
	objects = {

/* Begin PBXBuildFile section */
		B607FBCB204A8EB700FA2BB9 /* yas_db_range_tests.mm in Sources */ = {isa = PBXBuildFile; fileRef = B63A0C3A1C32B864009EB0B3 /* yas_db_range_tests.mm */; };
		B607FBCD204A8EB700FA2BB9 /* yas_db_object_tests.mm in Sources */ = {isa = PBXBuildFile; fileRef = B64BBFFE1C41408000B32664 /* yas_db_object_tests.mm */; };
		B607FBD0204A8EB700FA2BB9 /* yas_db_info_tests.mm in Sources */ = {isa = PBXBuildFile; fileRef = B6DD30B51ED9BDFC00E5D1E6 /* yas_db_info_tests.mm */; };
		B607FBD1204A8EB700FA2BB9 /* yas_db_row_set_tests.mm in Sources */ = {isa = PBXBuildFile; fileRef = B6A285F01C2A9D3D00EC7945 /* yas_db_row_set_tests.mm */; };
		B607FBD2204A8EB700FA2BB9 /* yas_db_database_tests.mm in Sources */ = {isa = PBXBuildFile; fileRef = B6A285E71C2A475500EC7945 /* yas_db_database_tests.mm */; };
		B607FBD3204A8EB700FA2BB9 /* yas_db_value_tests.mm in Sources */ = {isa = PBXBuildFile; fileRef = B608C85F1C20F61800F594D8 /* yas_db_value_tests.mm */; };
		B607FBD5204A8EB700FA2BB9 /* yas_db_select_option_tests.mm in Sources */ = {isa = PBXBuildFile; fileRef = B6DD30B71EDAC7B200E5D1E6 /* yas_db_select_option_tests.mm */; };
		B607FBD6204A8EB700FA2BB9 /* yas_db_object_id_tests.mm in Sources */ = {isa = PBXBuildFile; fileRef = B652E0711EE995B6005508C4 /* yas_db_object_id_tests.mm */; };
		B607FBD8204A8EB700FA2BB9 /* yas_db_manager_utils_tests.mm in Sources */ = {isa = PBXBuildFile; fileRef = B69BF6421EC87D2500A90E79 /* yas_db_manager_utils_tests.mm */; };
		B607FBD9204A8EB700FA2BB9 /* yas_db_order_tests.mm in Sources */ = {isa = PBXBuildFile; fileRef = B63A0C301C3222A4009EB0B3 /* yas_db_order_tests.mm */; };
		B607FBE0204A8EB700FA2BB9 /* yas_db_fetch_option_tests.mm in Sources */ = {isa = PBXBuildFile; fileRef = B66AF5381EE45D78004AF0B6 /* yas_db_fetch_option_tests.mm */; };
		B607FBE1204A8EB700FA2BB9 /* yas_db_statement_tests.mm in Sources */ = {isa = PBXBuildFile; fileRef = B62CED8F1C2A33640047B6DE /* yas_db_statement_tests.mm */; };
		B607FBE5204A8EB700FA2BB9 /* yas_db_execute_sql_tests.mm in Sources */ = {isa = PBXBuildFile; fileRef = B63A0C351C326D38009EB0B3 /* yas_db_execute_sql_tests.mm */; };
		B607FBE6204A8EB700FA2BB9 /* yas_db_model_tests.mm in Sources */ = {isa = PBXBuildFile; fileRef = B6EA3F951C35931F0053F3B4 /* yas_db_model_tests.mm */; };
		B607FBE9204A8EB700FA2BB9 /* yas_db_relation_tests.mm in Sources */ = {isa = PBXBuildFile; fileRef = B6D89B6D1C361A84007100A7 /* yas_db_relation_tests.mm */; };
		B607FBEB204A8EB700FA2BB9 /* yas_db_cf_utils_tests.mm in Sources */ = {isa = PBXBuildFile; fileRef = B6B281E81C34D9E9009053E1 /* yas_db_cf_utils_tests.mm */; };
		B607FBEC204A8EB700FA2BB9 /* yas_db_entity_tests.mm in Sources */ = {isa = PBXBuildFile; fileRef = B6D89B851C37592A007100A7 /* yas_db_entity_tests.mm */; };
		B607FBF4204A8EB700FA2BB9 /* yas_db_attribute_tests.mm in Sources */ = {isa = PBXBuildFile; fileRef = B6FEDDD91C34FE7D009F96B1 /* yas_db_attribute_tests.mm */; };
		B607FBF5204A8EB700FA2BB9 /* yas_db_utils_tests.mm in Sources */ = {isa = PBXBuildFile; fileRef = B6F648361C40B35800265C93 /* yas_db_utils_tests.mm */; };
		B607FBF8204A8EB700FA2BB9 /* yas_db_weak_pool_tests.mm in Sources */ = {isa = PBXBuildFile; fileRef = B6AF99A61EFCAD34000EA849 /* yas_db_weak_pool_tests.mm */; };
		B607FBF9204A8EB700FA2BB9 /* yas_db_test_utils.mm in Sources */ = {isa = PBXBuildFile; fileRef = B6A285EE1C2A9C8C00EC7945 /* yas_db_test_utils.mm */; };
		B607FBFA204A8EB700FA2BB9 /* yas_db_sql_utils_tests.mm in Sources */ = {isa = PBXBuildFile; fileRef = B6C5A2CF1C31453600E100EC /* yas_db_sql_utils_tests.mm */; };
		B607FBFB204A8EB700FA2BB9 /* yas_db_result_code_tests.mm in Sources */ = {isa = PBXBuildFile; fileRef = B6F3DAA01C2FEDA800F9EFEC /* yas_db_result_code_tests.mm */; };
		B607FBFF204A8EB700FA2BB9 /* yas_db_index_tests.mm in Sources */ = {isa = PBXBuildFile; fileRef = B66711DB1C6C5EC500B8E501 /* yas_db_index_tests.mm */; };
		B607FC00204A8EB700FA2BB9 /* yas_db_manager_tests.mm in Sources */ = {isa = PBXBuildFile; fileRef = B63A0C451C3414BD009EB0B3 /* yas_db_manager_tests.mm */; };
		B607FC0A204A8EB700FA2BB9 /* libsqlite3.tbd in Frameworks */ = {isa = PBXBuildFile; fileRef = B69543B51C1EFC6E009DF7F9 /* libsqlite3.tbd */; };
		B6B6E0B421E223270029A7C1 /* chaining.framework in Frameworks */ = {isa = PBXBuildFile; fileRef = B6B6E0B321E223270029A7C1 /* chaining.framework */; };
		B6B6E0B621E223270029A7C1 /* cpp_utils.framework in Frameworks */ = {isa = PBXBuildFile; fileRef = B6B6E0B521E223270029A7C1 /* cpp_utils.framework */; };
		B6B6E0B821E223270029A7C1 /* objc_utils.framework in Frameworks */ = {isa = PBXBuildFile; fileRef = B6B6E0B721E223270029A7C1 /* objc_utils.framework */; };
		B6B6E14721E22BD50029A7C1 /* db.framework in Frameworks */ = {isa = PBXBuildFile; fileRef = B6B6E14621E22BD50029A7C1 /* db.framework */; };
/* End PBXBuildFile section */

/* Begin PBXFileReference section */
		B607FC0F204A8EB700FA2BB9 /* db_mac_tests.xctest */ = {isa = PBXFileReference; explicitFileType = wrapper.cfbundle; includeInIndex = 0; path = db_mac_tests.xctest; sourceTree = BUILT_PRODUCTS_DIR; };
		B608C85F1C20F61800F594D8 /* yas_db_value_tests.mm */ = {isa = PBXFileReference; fileEncoding = 4; lastKnownFileType = sourcecode.cpp.objcpp; path = yas_db_value_tests.mm; sourceTree = "<group>"; };
		B62CED8F1C2A33640047B6DE /* yas_db_statement_tests.mm */ = {isa = PBXFileReference; fileEncoding = 4; lastKnownFileType = sourcecode.cpp.objcpp; path = yas_db_statement_tests.mm; sourceTree = "<group>"; };
		B63A0C301C3222A4009EB0B3 /* yas_db_order_tests.mm */ = {isa = PBXFileReference; fileEncoding = 4; lastKnownFileType = sourcecode.cpp.objcpp; path = yas_db_order_tests.mm; sourceTree = "<group>"; };
		B63A0C351C326D38009EB0B3 /* yas_db_execute_sql_tests.mm */ = {isa = PBXFileReference; fileEncoding = 4; lastKnownFileType = sourcecode.cpp.objcpp; path = yas_db_execute_sql_tests.mm; sourceTree = "<group>"; };
		B63A0C3A1C32B864009EB0B3 /* yas_db_range_tests.mm */ = {isa = PBXFileReference; fileEncoding = 4; lastKnownFileType = sourcecode.cpp.objcpp; path = yas_db_range_tests.mm; sourceTree = "<group>"; };
		B63A0C451C3414BD009EB0B3 /* yas_db_manager_tests.mm */ = {isa = PBXFileReference; fileEncoding = 4; lastKnownFileType = sourcecode.cpp.objcpp; path = yas_db_manager_tests.mm; sourceTree = "<group>"; };
		B64BBFFE1C41408000B32664 /* yas_db_object_tests.mm */ = {isa = PBXFileReference; fileEncoding = 4; lastKnownFileType = sourcecode.cpp.objcpp; path = yas_db_object_tests.mm; sourceTree = "<group>"; };
		B652E0711EE995B6005508C4 /* yas_db_object_id_tests.mm */ = {isa = PBXFileReference; fileEncoding = 4; lastKnownFileType = sourcecode.cpp.objcpp; path = yas_db_object_id_tests.mm; sourceTree = "<group>"; };
		B66711DB1C6C5EC500B8E501 /* yas_db_index_tests.mm */ = {isa = PBXFileReference; fileEncoding = 4; lastKnownFileType = sourcecode.cpp.objcpp; path = yas_db_index_tests.mm; sourceTree = "<group>"; };
		B66AF5381EE45D78004AF0B6 /* yas_db_fetch_option_tests.mm */ = {isa = PBXFileReference; fileEncoding = 4; lastKnownFileType = sourcecode.cpp.objcpp; path = yas_db_fetch_option_tests.mm; sourceTree = "<group>"; };
		B69543B51C1EFC6E009DF7F9 /* libsqlite3.tbd */ = {isa = PBXFileReference; lastKnownFileType = "sourcecode.text-based-dylib-definition"; name = libsqlite3.tbd; path = usr/lib/libsqlite3.tbd; sourceTree = SDKROOT; };
		B69BF6421EC87D2500A90E79 /* yas_db_manager_utils_tests.mm */ = {isa = PBXFileReference; fileEncoding = 4; lastKnownFileType = sourcecode.cpp.objcpp; path = yas_db_manager_utils_tests.mm; sourceTree = "<group>"; };
		B6A285E71C2A475500EC7945 /* yas_db_database_tests.mm */ = {isa = PBXFileReference; fileEncoding = 4; lastKnownFileType = sourcecode.cpp.objcpp; path = yas_db_database_tests.mm; sourceTree = "<group>"; };
		B6A285ED1C2A9C8C00EC7945 /* yas_db_test_utils.h */ = {isa = PBXFileReference; fileEncoding = 4; lastKnownFileType = sourcecode.c.h; path = yas_db_test_utils.h; sourceTree = "<group>"; };
		B6A285EE1C2A9C8C00EC7945 /* yas_db_test_utils.mm */ = {isa = PBXFileReference; fileEncoding = 4; lastKnownFileType = sourcecode.cpp.objcpp; path = yas_db_test_utils.mm; sourceTree = "<group>"; };
		B6A285F01C2A9D3D00EC7945 /* yas_db_row_set_tests.mm */ = {isa = PBXFileReference; fileEncoding = 4; lastKnownFileType = sourcecode.cpp.objcpp; path = yas_db_row_set_tests.mm; sourceTree = "<group>"; };
		B6AF99A61EFCAD34000EA849 /* yas_db_weak_pool_tests.mm */ = {isa = PBXFileReference; fileEncoding = 4; lastKnownFileType = sourcecode.cpp.objcpp; path = yas_db_weak_pool_tests.mm; sourceTree = "<group>"; };
		B6B281E81C34D9E9009053E1 /* yas_db_cf_utils_tests.mm */ = {isa = PBXFileReference; fileEncoding = 4; lastKnownFileType = sourcecode.cpp.objcpp; path = yas_db_cf_utils_tests.mm; sourceTree = "<group>"; };
		B6B6E0B321E223270029A7C1 /* chaining.framework */ = {isa = PBXFileReference; explicitFileType = wrapper.framework; path = chaining.framework; sourceTree = BUILT_PRODUCTS_DIR; };
		B6B6E0B521E223270029A7C1 /* cpp_utils.framework */ = {isa = PBXFileReference; explicitFileType = wrapper.framework; path = cpp_utils.framework; sourceTree = BUILT_PRODUCTS_DIR; };
		B6B6E0B721E223270029A7C1 /* objc_utils.framework */ = {isa = PBXFileReference; explicitFileType = wrapper.framework; path = objc_utils.framework; sourceTree = BUILT_PRODUCTS_DIR; };
		B6B6E14621E22BD50029A7C1 /* db.framework */ = {isa = PBXFileReference; explicitFileType = wrapper.framework; path = db.framework; sourceTree = BUILT_PRODUCTS_DIR; };
		B6C5A2CF1C31453600E100EC /* yas_db_sql_utils_tests.mm */ = {isa = PBXFileReference; fileEncoding = 4; lastKnownFileType = sourcecode.cpp.objcpp; path = yas_db_sql_utils_tests.mm; sourceTree = "<group>"; };
		B6D89B6D1C361A84007100A7 /* yas_db_relation_tests.mm */ = {isa = PBXFileReference; fileEncoding = 4; lastKnownFileType = sourcecode.cpp.objcpp; path = yas_db_relation_tests.mm; sourceTree = "<group>"; };
		B6D89B851C37592A007100A7 /* yas_db_entity_tests.mm */ = {isa = PBXFileReference; fileEncoding = 4; lastKnownFileType = sourcecode.cpp.objcpp; path = yas_db_entity_tests.mm; sourceTree = "<group>"; };
		B6DD30B51ED9BDFC00E5D1E6 /* yas_db_info_tests.mm */ = {isa = PBXFileReference; fileEncoding = 4; lastKnownFileType = sourcecode.cpp.objcpp; path = yas_db_info_tests.mm; sourceTree = "<group>"; };
		B6DD30B71EDAC7B200E5D1E6 /* yas_db_select_option_tests.mm */ = {isa = PBXFileReference; fileEncoding = 4; lastKnownFileType = sourcecode.cpp.objcpp; path = yas_db_select_option_tests.mm; sourceTree = "<group>"; };
		B6E0F15C1C1D66A80033AC60 /* Info.plist */ = {isa = PBXFileReference; lastKnownFileType = text.plist.xml; path = Info.plist; sourceTree = "<group>"; };
		B6EA3F951C35931F0053F3B4 /* yas_db_model_tests.mm */ = {isa = PBXFileReference; fileEncoding = 4; lastKnownFileType = sourcecode.cpp.objcpp; path = yas_db_model_tests.mm; sourceTree = "<group>"; };
		B6F3DAA01C2FEDA800F9EFEC /* yas_db_result_code_tests.mm */ = {isa = PBXFileReference; fileEncoding = 4; lastKnownFileType = sourcecode.cpp.objcpp; path = yas_db_result_code_tests.mm; sourceTree = "<group>"; };
		B6F648361C40B35800265C93 /* yas_db_utils_tests.mm */ = {isa = PBXFileReference; fileEncoding = 4; lastKnownFileType = sourcecode.cpp.objcpp; path = yas_db_utils_tests.mm; sourceTree = "<group>"; };
		B6FEDDD91C34FE7D009F96B1 /* yas_db_attribute_tests.mm */ = {isa = PBXFileReference; fileEncoding = 4; lastKnownFileType = sourcecode.cpp.objcpp; path = yas_db_attribute_tests.mm; sourceTree = "<group>"; };
/* End PBXFileReference section */

/* Begin PBXFrameworksBuildPhase section */
		B607FC09204A8EB700FA2BB9 /* Frameworks */ = {
			isa = PBXFrameworksBuildPhase;
			buildActionMask = 2147483647;
			files = (
				B6B6E14721E22BD50029A7C1 /* db.framework in Frameworks */,
				B6B6E0B421E223270029A7C1 /* chaining.framework in Frameworks */,
				B6B6E0B621E223270029A7C1 /* cpp_utils.framework in Frameworks */,
				B6B6E0B821E223270029A7C1 /* objc_utils.framework in Frameworks */,
				B607FC0A204A8EB700FA2BB9 /* libsqlite3.tbd in Frameworks */,
			);
			runOnlyForDeploymentPostprocessing = 0;
		};
/* End PBXFrameworksBuildPhase section */

/* Begin PBXGroup section */
		B6B6E0B221E223270029A7C1 /* Frameworks */ = {
			isa = PBXGroup;
			children = (
				B6B6E14621E22BD50029A7C1 /* db.framework */,
				B6B6E0B321E223270029A7C1 /* chaining.framework */,
				B6B6E0B521E223270029A7C1 /* cpp_utils.framework */,
				B6B6E0B721E223270029A7C1 /* objc_utils.framework */,
			);
			name = Frameworks;
			sourceTree = "<group>";
		};
		B6E0F14C1C1D667F0033AC60 = {
			isa = PBXGroup;
			children = (
				B69543B51C1EFC6E009DF7F9 /* libsqlite3.tbd */,
				B6E0F1591C1D66A80033AC60 /* db_mac_tests */,
				B6E0F1581C1D66A80033AC60 /* Products */,
				B6B6E0B221E223270029A7C1 /* Frameworks */,
			);
			sourceTree = "<group>";
		};
		B6E0F1581C1D66A80033AC60 /* Products */ = {
			isa = PBXGroup;
			children = (
				B607FC0F204A8EB700FA2BB9 /* db_mac_tests.xctest */,
			);
			name = Products;
			sourceTree = "<group>";
		};
		B6E0F1591C1D66A80033AC60 /* db_mac_tests */ = {
			isa = PBXGroup;
			children = (
				B6E0F15C1C1D66A80033AC60 /* Info.plist */,
				B6FEDDD91C34FE7D009F96B1 /* yas_db_attribute_tests.mm */,
				B6B281E81C34D9E9009053E1 /* yas_db_cf_utils_tests.mm */,
				B6A285E71C2A475500EC7945 /* yas_db_database_tests.mm */,
				B6D89B851C37592A007100A7 /* yas_db_entity_tests.mm */,
				B63A0C351C326D38009EB0B3 /* yas_db_execute_sql_tests.mm */,
				B66AF5381EE45D78004AF0B6 /* yas_db_fetch_option_tests.mm */,
				B66711DB1C6C5EC500B8E501 /* yas_db_index_tests.mm */,
				B6DD30B51ED9BDFC00E5D1E6 /* yas_db_info_tests.mm */,
				B63A0C451C3414BD009EB0B3 /* yas_db_manager_tests.mm */,
				B69BF6421EC87D2500A90E79 /* yas_db_manager_utils_tests.mm */,
				B6EA3F951C35931F0053F3B4 /* yas_db_model_tests.mm */,
				B652E0711EE995B6005508C4 /* yas_db_object_id_tests.mm */,
				B64BBFFE1C41408000B32664 /* yas_db_object_tests.mm */,
				B63A0C301C3222A4009EB0B3 /* yas_db_order_tests.mm */,
				B63A0C3A1C32B864009EB0B3 /* yas_db_range_tests.mm */,
				B6D89B6D1C361A84007100A7 /* yas_db_relation_tests.mm */,
				B6F3DAA01C2FEDA800F9EFEC /* yas_db_result_code_tests.mm */,
				B6A285F01C2A9D3D00EC7945 /* yas_db_row_set_tests.mm */,
				B6DD30B71EDAC7B200E5D1E6 /* yas_db_select_option_tests.mm */,
				B6C5A2CF1C31453600E100EC /* yas_db_sql_utils_tests.mm */,
				B62CED8F1C2A33640047B6DE /* yas_db_statement_tests.mm */,
				B6A285ED1C2A9C8C00EC7945 /* yas_db_test_utils.h */,
				B6A285EE1C2A9C8C00EC7945 /* yas_db_test_utils.mm */,
				B6F648361C40B35800265C93 /* yas_db_utils_tests.mm */,
				B608C85F1C20F61800F594D8 /* yas_db_value_tests.mm */,
				B6AF99A61EFCAD34000EA849 /* yas_db_weak_pool_tests.mm */,
			);
			path = db_mac_tests;
			sourceTree = "<group>";
		};
/* End PBXGroup section */

/* Begin PBXNativeTarget section */
		B607FBC9204A8EB700FA2BB9 /* db_mac_tests */ = {
			isa = PBXNativeTarget;
			buildConfigurationList = B607FC0C204A8EB700FA2BB9 /* Build configuration list for PBXNativeTarget "db_mac_tests" */;
			buildPhases = (
				B6302A0A20A9B1AF009A5C2A /* Run Script */,
				B607FBCA204A8EB700FA2BB9 /* Sources */,
				B607FC09204A8EB700FA2BB9 /* Frameworks */,
				B607FC0B204A8EB700FA2BB9 /* Resources */,
			);
			buildRules = (
			);
			dependencies = (
			);
			name = db_mac_tests;
			productName = db_mac_tests;
			productReference = B607FC0F204A8EB700FA2BB9 /* db_mac_tests.xctest */;
			productType = "com.apple.product-type.bundle.unit-test";
		};
/* End PBXNativeTarget section */

/* Begin PBXProject section */
		B6E0F14D1C1D667F0033AC60 /* Project object */ = {
			isa = PBXProject;
			attributes = {
				LastUpgradeCheck = 0930;
			};
			buildConfigurationList = B6E0F1501C1D667F0033AC60 /* Build configuration list for PBXProject "db_test" */;
			compatibilityVersion = "Xcode 3.2";
			developmentRegion = English;
			hasScannedForEncodings = 0;
			knownRegions = (
				en,
			);
			mainGroup = B6E0F14C1C1D667F0033AC60;
			productRefGroup = B6E0F1581C1D66A80033AC60 /* Products */;
			projectDirPath = "";
			projectRoot = "";
			targets = (
				B607FBC9204A8EB700FA2BB9 /* db_mac_tests */,
			);
		};
/* End PBXProject section */

/* Begin PBXResourcesBuildPhase section */
		B607FC0B204A8EB700FA2BB9 /* Resources */ = {
			isa = PBXResourcesBuildPhase;
			buildActionMask = 2147483647;
			files = (
			);
			runOnlyForDeploymentPostprocessing = 0;
		};
/* End PBXResourcesBuildPhase section */

/* Begin PBXShellScriptBuildPhase section */
		B6302A0A20A9B1AF009A5C2A /* Run Script */ = {
			isa = PBXShellScriptBuildPhase;
			buildActionMask = 2147483647;
			files = (
			);
			inputPaths = (
			);
			name = "Run Script";
			outputPaths = (
			);
			runOnlyForDeploymentPostprocessing = 0;
			shellPath = /bin/sh;
			shellScript = ../script/format.sh;
		};
/* End PBXShellScriptBuildPhase section */

/* Begin PBXSourcesBuildPhase section */
		B607FBCA204A8EB700FA2BB9 /* Sources */ = {
			isa = PBXSourcesBuildPhase;
			buildActionMask = 2147483647;
			files = (
				B607FBCB204A8EB700FA2BB9 /* yas_db_range_tests.mm in Sources */,
				B607FBCD204A8EB700FA2BB9 /* yas_db_object_tests.mm in Sources */,
				B607FBD0204A8EB700FA2BB9 /* yas_db_info_tests.mm in Sources */,
				B607FBD1204A8EB700FA2BB9 /* yas_db_row_set_tests.mm in Sources */,
				B607FBD2204A8EB700FA2BB9 /* yas_db_database_tests.mm in Sources */,
				B607FBD3204A8EB700FA2BB9 /* yas_db_value_tests.mm in Sources */,
				B607FBD5204A8EB700FA2BB9 /* yas_db_select_option_tests.mm in Sources */,
				B607FBD6204A8EB700FA2BB9 /* yas_db_object_id_tests.mm in Sources */,
				B607FBD8204A8EB700FA2BB9 /* yas_db_manager_utils_tests.mm in Sources */,
				B607FBD9204A8EB700FA2BB9 /* yas_db_order_tests.mm in Sources */,
				B607FBE0204A8EB700FA2BB9 /* yas_db_fetch_option_tests.mm in Sources */,
				B607FBE1204A8EB700FA2BB9 /* yas_db_statement_tests.mm in Sources */,
				B607FBE5204A8EB700FA2BB9 /* yas_db_execute_sql_tests.mm in Sources */,
				B607FBE6204A8EB700FA2BB9 /* yas_db_model_tests.mm in Sources */,
				B607FBE9204A8EB700FA2BB9 /* yas_db_relation_tests.mm in Sources */,
				B607FBEB204A8EB700FA2BB9 /* yas_db_cf_utils_tests.mm in Sources */,
				B607FBEC204A8EB700FA2BB9 /* yas_db_entity_tests.mm in Sources */,
				B607FBF4204A8EB700FA2BB9 /* yas_db_attribute_tests.mm in Sources */,
				B607FBF5204A8EB700FA2BB9 /* yas_db_utils_tests.mm in Sources */,
				B607FBF8204A8EB700FA2BB9 /* yas_db_weak_pool_tests.mm in Sources */,
				B607FBF9204A8EB700FA2BB9 /* yas_db_test_utils.mm in Sources */,
				B607FBFA204A8EB700FA2BB9 /* yas_db_sql_utils_tests.mm in Sources */,
				B607FBFB204A8EB700FA2BB9 /* yas_db_result_code_tests.mm in Sources */,
				B607FBFF204A8EB700FA2BB9 /* yas_db_index_tests.mm in Sources */,
				B607FC00204A8EB700FA2BB9 /* yas_db_manager_tests.mm in Sources */,
			);
			runOnlyForDeploymentPostprocessing = 0;
		};
/* End PBXSourcesBuildPhase section */

/* Begin XCBuildConfiguration section */
		B607FC0D204A8EB700FA2BB9 /* Debug */ = {
			isa = XCBuildConfiguration;
			buildSettings = {
				ALWAYS_SEARCH_USER_PATHS = NO;
				CLANG_CXX_LANGUAGE_STANDARD = "gnu++17";
				CLANG_CXX_LIBRARY = "libc++";
				CLANG_ENABLE_MODULES = YES;
				CLANG_ENABLE_OBJC_ARC = NO;
				CLANG_ENABLE_OBJC_WEAK = YES;
				CLANG_WARN_BOOL_CONVERSION = YES;
				CLANG_WARN_CONSTANT_CONVERSION = YES;
				CLANG_WARN_DIRECT_OBJC_ISA_USAGE = YES_ERROR;
				CLANG_WARN_EMPTY_BODY = YES;
				CLANG_WARN_ENUM_CONVERSION = YES;
				CLANG_WARN_INT_CONVERSION = YES;
				CLANG_WARN_OBJC_ROOT_CLASS = YES_ERROR;
				CLANG_WARN_UNREACHABLE_CODE = YES;
				CLANG_WARN__DUPLICATE_METHOD_MATCH = YES;
				CODE_SIGN_IDENTITY = "-";
				COMBINE_HIDPI_IMAGES = YES;
				COPY_PHASE_STRIP = NO;
				DEBUG_INFORMATION_FORMAT = dwarf;
				ENABLE_STRICT_OBJC_MSGSEND = YES;
				ENABLE_TESTABILITY = YES;
				GCC_C_LANGUAGE_STANDARD = gnu11;
				GCC_DYNAMIC_NO_PIC = NO;
				GCC_NO_COMMON_BLOCKS = YES;
				GCC_OPTIMIZATION_LEVEL = 0;
				GCC_PREPROCESSOR_DEFINITIONS = (
					"DEBUG=1",
					"$(inherited)",
				);
				GCC_WARN_64_TO_32_BIT_CONVERSION = YES;
				GCC_WARN_ABOUT_RETURN_TYPE = YES_ERROR;
				GCC_WARN_UNDECLARED_SELECTOR = YES;
				GCC_WARN_UNINITIALIZED_AUTOS = YES_AGGRESSIVE;
				GCC_WARN_UNUSED_FUNCTION = YES;
				GCC_WARN_UNUSED_VARIABLE = YES;
				INFOPLIST_FILE = db_mac_tests/Info.plist;
				LD_RUNPATH_SEARCH_PATHS = "$(inherited) @executable_path/../Frameworks @loader_path/../Frameworks";
				MACOSX_DEPLOYMENT_TARGET = 10.11;
				MTL_ENABLE_DEBUG_INFO = YES;
				ONLY_ACTIVE_ARCH = YES;
				PRODUCT_BUNDLE_IDENTIFIER = "jp.objective-audio.db-mac-tests";
				PRODUCT_NAME = "$(TARGET_NAME)";
				SDKROOT = macosx;
			};
			name = Debug;
		};
		B607FC0E204A8EB700FA2BB9 /* Release */ = {
			isa = XCBuildConfiguration;
			buildSettings = {
				ALWAYS_SEARCH_USER_PATHS = NO;
				CLANG_CXX_LANGUAGE_STANDARD = "gnu++17";
				CLANG_CXX_LIBRARY = "libc++";
				CLANG_ENABLE_MODULES = YES;
				CLANG_ENABLE_OBJC_ARC = NO;
				CLANG_ENABLE_OBJC_WEAK = YES;
				CLANG_WARN_BOOL_CONVERSION = YES;
				CLANG_WARN_CONSTANT_CONVERSION = YES;
				CLANG_WARN_DIRECT_OBJC_ISA_USAGE = YES_ERROR;
				CLANG_WARN_EMPTY_BODY = YES;
				CLANG_WARN_ENUM_CONVERSION = YES;
				CLANG_WARN_INT_CONVERSION = YES;
				CLANG_WARN_OBJC_ROOT_CLASS = YES_ERROR;
				CLANG_WARN_UNREACHABLE_CODE = YES;
				CLANG_WARN__DUPLICATE_METHOD_MATCH = YES;
				CODE_SIGN_IDENTITY = "-";
				COMBINE_HIDPI_IMAGES = YES;
				COPY_PHASE_STRIP = NO;
				DEBUG_INFORMATION_FORMAT = "dwarf-with-dsym";
				ENABLE_NS_ASSERTIONS = NO;
				ENABLE_STRICT_OBJC_MSGSEND = YES;
				GCC_C_LANGUAGE_STANDARD = gnu11;
				GCC_NO_COMMON_BLOCKS = YES;
				GCC_WARN_64_TO_32_BIT_CONVERSION = YES;
				GCC_WARN_ABOUT_RETURN_TYPE = YES_ERROR;
				GCC_WARN_UNDECLARED_SELECTOR = YES;
				GCC_WARN_UNINITIALIZED_AUTOS = YES_AGGRESSIVE;
				GCC_WARN_UNUSED_FUNCTION = YES;
				GCC_WARN_UNUSED_VARIABLE = YES;
				INFOPLIST_FILE = db_mac_tests/Info.plist;
				LD_RUNPATH_SEARCH_PATHS = "$(inherited) @executable_path/../Frameworks @loader_path/../Frameworks";
				MACOSX_DEPLOYMENT_TARGET = 10.11;
				MTL_ENABLE_DEBUG_INFO = NO;
				PRODUCT_BUNDLE_IDENTIFIER = "jp.objective-audio.db-mac-tests";
				PRODUCT_NAME = "$(TARGET_NAME)";
				SDKROOT = macosx;
			};
			name = Release;
		};
		B6E0F1511C1D667F0033AC60 /* Debug */ = {
			isa = XCBuildConfiguration;
			buildSettings = {
				CLANG_WARN_BLOCK_CAPTURE_AUTORELEASING = YES;
				CLANG_WARN_BOOL_CONVERSION = YES;
				CLANG_WARN_COMMA = YES;
				CLANG_WARN_CONSTANT_CONVERSION = YES;
				CLANG_WARN_DEPRECATED_OBJC_IMPLEMENTATIONS = YES;
				CLANG_WARN_EMPTY_BODY = YES;
				CLANG_WARN_ENUM_CONVERSION = YES;
				CLANG_WARN_INFINITE_RECURSION = YES;
				CLANG_WARN_INT_CONVERSION = YES;
				CLANG_WARN_NON_LITERAL_NULL_CONVERSION = YES;
				CLANG_WARN_OBJC_IMPLICIT_RETAIN_SELF = YES;
				CLANG_WARN_OBJC_LITERAL_CONVERSION = YES;
				CLANG_WARN_RANGE_LOOP_ANALYSIS = YES;
				CLANG_WARN_STRICT_PROTOTYPES = YES;
				CLANG_WARN_SUSPICIOUS_MOVE = YES;
				CLANG_WARN_UNREACHABLE_CODE = YES;
				CLANG_WARN__DUPLICATE_METHOD_MATCH = YES;
				ENABLE_STRICT_OBJC_MSGSEND = YES;
				ENABLE_TESTABILITY = YES;
				GCC_NO_COMMON_BLOCKS = YES;
				GCC_WARN_64_TO_32_BIT_CONVERSION = YES;
				GCC_WARN_ABOUT_RETURN_TYPE = YES;
				GCC_WARN_UNDECLARED_SELECTOR = YES;
				GCC_WARN_UNINITIALIZED_AUTOS = YES;
				GCC_WARN_UNUSED_FUNCTION = YES;
				GCC_WARN_UNUSED_VARIABLE = YES;
				ONLY_ACTIVE_ARCH = YES;
			};
			name = Debug;
		};
		B6E0F1521C1D667F0033AC60 /* Release */ = {
			isa = XCBuildConfiguration;
			buildSettings = {
				CLANG_WARN_BLOCK_CAPTURE_AUTORELEASING = YES;
				CLANG_WARN_BOOL_CONVERSION = YES;
				CLANG_WARN_COMMA = YES;
				CLANG_WARN_CONSTANT_CONVERSION = YES;
				CLANG_WARN_DEPRECATED_OBJC_IMPLEMENTATIONS = YES;
				CLANG_WARN_EMPTY_BODY = YES;
				CLANG_WARN_ENUM_CONVERSION = YES;
				CLANG_WARN_INFINITE_RECURSION = YES;
				CLANG_WARN_INT_CONVERSION = YES;
				CLANG_WARN_NON_LITERAL_NULL_CONVERSION = YES;
				CLANG_WARN_OBJC_IMPLICIT_RETAIN_SELF = YES;
				CLANG_WARN_OBJC_LITERAL_CONVERSION = YES;
				CLANG_WARN_RANGE_LOOP_ANALYSIS = YES;
				CLANG_WARN_STRICT_PROTOTYPES = YES;
				CLANG_WARN_SUSPICIOUS_MOVE = YES;
				CLANG_WARN_UNREACHABLE_CODE = YES;
				CLANG_WARN__DUPLICATE_METHOD_MATCH = YES;
				ENABLE_STRICT_OBJC_MSGSEND = YES;
				GCC_NO_COMMON_BLOCKS = YES;
				GCC_WARN_64_TO_32_BIT_CONVERSION = YES;
				GCC_WARN_ABOUT_RETURN_TYPE = YES;
				GCC_WARN_UNDECLARED_SELECTOR = YES;
				GCC_WARN_UNINITIALIZED_AUTOS = YES;
				GCC_WARN_UNUSED_FUNCTION = YES;
				GCC_WARN_UNUSED_VARIABLE = YES;
			};
			name = Release;
		};
/* End XCBuildConfiguration section */

/* Begin XCConfigurationList section */
		B607FC0C204A8EB700FA2BB9 /* Build configuration list for PBXNativeTarget "db_mac_tests" */ = {
			isa = XCConfigurationList;
			buildConfigurations = (
				B607FC0D204A8EB700FA2BB9 /* Debug */,
				B607FC0E204A8EB700FA2BB9 /* Release */,
			);
			defaultConfigurationIsVisible = 0;
			defaultConfigurationName = Release;
		};
		B6E0F1501C1D667F0033AC60 /* Build configuration list for PBXProject "db_test" */ = {
			isa = XCConfigurationList;
			buildConfigurations = (
				B6E0F1511C1D667F0033AC60 /* Debug */,
				B6E0F1521C1D667F0033AC60 /* Release */,
			);
			defaultConfigurationIsVisible = 0;
			defaultConfigurationName = Release;
		};
/* End XCConfigurationList section */
	};
	rootObject = B6E0F14D1C1D667F0033AC60 /* Project object */;
}
